
Microsoft Visual Studio Solution File, Format Version 12.00
# Visual Studio 15
VisualStudioVersion = 15.0.27004.2009
MinimumVisualStudioVersion = 10.0.40219.1
Project("{2150E333-8FDC-42A3-9474-1A3956D46DE8}") = "1.Common", "1.Common", "{40618EE8-81EB-4961-B3E2-662181078C47}"
EndProject
Project("{2150E333-8FDC-42A3-9474-1A3956D46DE8}") = "2.Logic", "2.Logic", "{8049BDFB-294C-4116-92B0-CE98556BE0E0}"
EndProject
Project("{2150E333-8FDC-42A3-9474-1A3956D46DE8}") = "3.Model", "3.Model", "{AD930313-AA5E-4B0B-A265-9018B6965AAC}"
EndProject
Project("{2150E333-8FDC-42A3-9474-1A3956D46DE8}") = "4.DataCore", "4.DataCore", "{4E86EBC9-273E-4963-A57A-A7C97B23319B}"
EndProject
Project("{2150E333-8FDC-42A3-9474-1A3956D46DE8}") = "5.Service", "5.Service", "{36FB0F8E-1082-46DB-8EEA-7239A8691374}"
EndProject
Project("{2150E333-8FDC-42A3-9474-1A3956D46DE8}") = "6.OtherService", "6.OtherService", "{D738B62D-6D00-40B4-A491-857F94473993}"
EndProject
Project("{2150E333-8FDC-42A3-9474-1A3956D46DE8}") = "7.Presentation", "7.Presentation", "{5E944D63-E615-41BF-BC40-7127045D5DE6}"
EndProject
Project("{2150E333-8FDC-42A3-9474-1A3956D46DE8}") = "8.Test", "8.Test", "{2258E4B4-13D6-49A6-AFBA-57201DE1376E}"
EndProject
Project("{FAE04EC0-301F-11D3-BF4B-00C04F79EFBC}") = "Flew.Util", "Flew.Util\Flew.Util.csproj", "{435EA9FD-9DF9-4EA0-950F-B5AC59A4AA4E}"
EndProject
Project("{FAE04EC0-301F-11D3-BF4B-00C04F79EFBC}") = "Flew.Web", "Flew.Web\Flew.Web.csproj", "{0751EE38-25B5-49A3-9E56-0C411A0D7C99}"
EndProject
Project("{FAE04EC0-301F-11D3-BF4B-00C04F79EFBC}") = "Flew.Admin", "Flew.Admin\Flew.Admin.csproj", "{9462C843-2B64-4E09-8E08-AEC5BBB72B7D}"
EndProject
Project("{FAE04EC0-301F-11D3-BF4B-00C04F79EFBC}") = "Flew.WebApi", "Flew.WebApi\Flew.WebApi.csproj", "{9388B314-0A3A-40DD-B9D9-D2213F8FCCBC}"
EndProject
Project("{FAE04EC0-301F-11D3-BF4B-00C04F79EFBC}") = "Flew.Test", "Flew.Test\Flew.Test.csproj", "{ADE27E76-A189-4FA9-83F0-0D159CDA740C}"
EndProject
Project("{FAE04EC0-301F-11D3-BF4B-00C04F79EFBC}") = "Flew.DataBase", "Flew.DataBase\Flew.DataBase.csproj", "{D97DE9F0-5955-4C7E-8D7C-F66B403E700F}"
EndProject
Project("{FAE04EC0-301F-11D3-BF4B-00C04F79EFBC}") = "Flew.Alipay", "Flew.Alipay\Flew.Alipay.csproj", "{3E608939-A2AA-400D-8E99-7E66CB39DB3D}"
EndProject
Project("{FAE04EC0-301F-11D3-BF4B-00C04F79EFBC}") = "Flew.WebChat", "Flew.WebChat\Flew.WebChat.csproj", "{2C7BD313-0C8E-4537-AEFA-3495F17D4B09}"
EndProject
Project("{FAE04EC0-301F-11D3-BF4B-00C04F79EFBC}") = "Flew.Qiniu", "Flew.Qiniu\Flew.Qiniu.csproj", "{DB9719C0-7343-4F3A-B7B0-B7AC39956B00}"
EndProject
Project("{FAE04EC0-301F-11D3-BF4B-00C04F79EFBC}") = "Flew.SSO", "Flew.SSO\Flew.SSO.csproj", "{535F1567-7659-4B2A-8DC9-9593A5E46C42}"
EndProject
Project("{FAE04EC0-301F-11D3-BF4B-00C04F79EFBC}") = "Flew.Redis", "Flew.Redis\Flew.Redis.csproj", "{8717C780-9615-4766-B43E-A26DBA15F4B3}"
EndProject
Global
	GlobalSection(SolutionConfigurationPlatforms) = preSolution
		Debug|Any CPU = Debug|Any CPU
		Release|Any CPU = Release|Any CPU
	EndGlobalSection
	GlobalSection(ProjectConfigurationPlatforms) = postSolution
		{435EA9FD-9DF9-4EA0-950F-B5AC59A4AA4E}.Debug|Any CPU.ActiveCfg = Debug|Any CPU
		{435EA9FD-9DF9-4EA0-950F-B5AC59A4AA4E}.Debug|Any CPU.Build.0 = Debug|Any CPU
		{435EA9FD-9DF9-4EA0-950F-B5AC59A4AA4E}.Release|Any CPU.ActiveCfg = Release|Any CPU
		{435EA9FD-9DF9-4EA0-950F-B5AC59A4AA4E}.Release|Any CPU.Build.0 = Release|Any CPU
		{0751EE38-25B5-49A3-9E56-0C411A0D7C99}.Debug|Any CPU.ActiveCfg = Debug|Any CPU
		{0751EE38-25B5-49A3-9E56-0C411A0D7C99}.Debug|Any CPU.Build.0 = Debug|Any CPU
		{0751EE38-25B5-49A3-9E56-0C411A0D7C99}.Release|Any CPU.ActiveCfg = Release|Any CPU
		{0751EE38-25B5-49A3-9E56-0C411A0D7C99}.Release|Any CPU.Build.0 = Release|Any CPU
		{9462C843-2B64-4E09-8E08-AEC5BBB72B7D}.Debug|Any CPU.ActiveCfg = Debug|Any CPU
		{9462C843-2B64-4E09-8E08-AEC5BBB72B7D}.Debug|Any CPU.Build.0 = Debug|Any CPU
		{9462C843-2B64-4E09-8E08-AEC5BBB72B7D}.Release|Any CPU.ActiveCfg = Release|Any CPU
		{9462C843-2B64-4E09-8E08-AEC5BBB72B7D}.Release|Any CPU.Build.0 = Release|Any CPU
		{9388B314-0A3A-40DD-B9D9-D2213F8FCCBC}.Debug|Any CPU.ActiveCfg = Debug|Any CPU
		{9388B314-0A3A-40DD-B9D9-D2213F8FCCBC}.Debug|Any CPU.Build.0 = Debug|Any CPU
		{9388B314-0A3A-40DD-B9D9-D2213F8FCCBC}.Release|Any CPU.ActiveCfg = Release|Any CPU
		{9388B314-0A3A-40DD-B9D9-D2213F8FCCBC}.Release|Any CPU.Build.0 = Release|Any CPU
		{ADE27E76-A189-4FA9-83F0-0D159CDA740C}.Debug|Any CPU.ActiveCfg = Debug|Any CPU
		{ADE27E76-A189-4FA9-83F0-0D159CDA740C}.Debug|Any CPU.Build.0 = Debug|Any CPU
		{ADE27E76-A189-4FA9-83F0-0D159CDA740C}.Release|Any CPU.ActiveCfg = Release|Any CPU
		{ADE27E76-A189-4FA9-83F0-0D159CDA740C}.Release|Any CPU.Build.0 = Release|Any CPU
		{D97DE9F0-5955-4C7E-8D7C-F66B403E700F}.Debug|Any CPU.ActiveCfg = Debug|Any CPU
		{D97DE9F0-5955-4C7E-8D7C-F66B403E700F}.Debug|Any CPU.Build.0 = Debug|Any CPU
		{D97DE9F0-5955-4C7E-8D7C-F66B403E700F}.Release|Any CPU.ActiveCfg = Release|Any CPU
		{D97DE9F0-5955-4C7E-8D7C-F66B403E700F}.Release|Any CPU.Build.0 = Release|Any CPU
		{3E608939-A2AA-400D-8E99-7E66CB39DB3D}.Debug|Any CPU.ActiveCfg = Debug|Any CPU
		{3E608939-A2AA-400D-8E99-7E66CB39DB3D}.Debug|Any CPU.Build.0 = Debug|Any CPU
		{3E608939-A2AA-400D-8E99-7E66CB39DB3D}.Release|Any CPU.ActiveCfg = Release|Any CPU
		{3E608939-A2AA-400D-8E99-7E66CB39DB3D}.Release|Any CPU.Build.0 = Release|Any CPU
		{2C7BD313-0C8E-4537-AEFA-3495F17D4B09}.Debug|Any CPU.ActiveCfg = Debug|Any CPU
		{2C7BD313-0C8E-4537-AEFA-3495F17D4B09}.Debug|Any CPU.Build.0 = Debug|Any CPU
		{2C7BD313-0C8E-4537-AEFA-3495F17D4B09}.Release|Any CPU.ActiveCfg = Release|Any CPU
		{2C7BD313-0C8E-4537-AEFA-3495F17D4B09}.Release|Any CPU.Build.0 = Release|Any CPU
		{DB9719C0-7343-4F3A-B7B0-B7AC39956B00}.Debug|Any CPU.ActiveCfg = Debug|Any CPU
		{DB9719C0-7343-4F3A-B7B0-B7AC39956B00}.Debug|Any CPU.Build.0 = Debug|Any CPU
		{DB9719C0-7343-4F3A-B7B0-B7AC39956B00}.Release|Any CPU.ActiveCfg = Release|Any CPU
		{DB9719C0-7343-4F3A-B7B0-B7AC39956B00}.Release|Any CPU.Build.0 = Release|Any CPU
		{535F1567-7659-4B2A-8DC9-9593A5E46C42}.Debug|Any CPU.ActiveCfg = Debug|Any CPU
		{535F1567-7659-4B2A-8DC9-9593A5E46C42}.Debug|Any CPU.Build.0 = Debug|Any CPU
		{535F1567-7659-4B2A-8DC9-9593A5E46C42}.Release|Any CPU.ActiveCfg = Release|Any CPU
		{535F1567-7659-4B2A-8DC9-9593A5E46C42}.Release|Any CPU.Build.0 = Release|Any CPU
		{8717C780-9615-4766-B43E-A26DBA15F4B3}.Debug|Any CPU.ActiveCfg = Debug|Any CPU
		{8717C780-9615-4766-B43E-A26DBA15F4B3}.Debug|Any CPU.Build.0 = Debug|Any CPU
		{8717C780-9615-4766-B43E-A26DBA15F4B3}.Release|Any CPU.ActiveCfg = Release|Any CPU
		{8717C780-9615-4766-B43E-A26DBA15F4B3}.Release|Any CPU.Build.0 = Release|Any CPU
	EndGlobalSection
	GlobalSection(SolutionProperties) = preSolution
		HideSolutionNode = FALSE
	EndGlobalSection
	GlobalSection(NestedProjects) = preSolution
		{435EA9FD-9DF9-4EA0-950F-B5AC59A4AA4E} = {40618EE8-81EB-4961-B3E2-662181078C47}
		{0751EE38-25B5-49A3-9E56-0C411A0D7C99} = {5E944D63-E615-41BF-BC40-7127045D5DE6}
		{9462C843-2B64-4E09-8E08-AEC5BBB72B7D} = {5E944D63-E615-41BF-BC40-7127045D5DE6}
		{9388B314-0A3A-40DD-B9D9-D2213F8FCCBC} = {36FB0F8E-1082-46DB-8EEA-7239A8691374}
		{ADE27E76-A189-4FA9-83F0-0D159CDA740C} = {2258E4B4-13D6-49A6-AFBA-57201DE1376E}
		{D97DE9F0-5955-4C7E-8D7C-F66B403E700F} = {4E86EBC9-273E-4963-A57A-A7C97B23319B}
		{3E608939-A2AA-400D-8E99-7E66CB39DB3D} = {D738B62D-6D00-40B4-A491-857F94473993}
		{2C7BD313-0C8E-4537-AEFA-3495F17D4B09} = {D738B62D-6D00-40B4-A491-857F94473993}
		{DB9719C0-7343-4F3A-B7B0-B7AC39956B00} = {D738B62D-6D00-40B4-A491-857F94473993}
		{535F1567-7659-4B2A-8DC9-9593A5E46C42} = {D738B62D-6D00-40B4-A491-857F94473993}
		{8717C780-9615-4766-B43E-A26DBA15F4B3} = {4E86EBC9-273E-4963-A57A-A7C97B23319B}
	EndGlobalSection
	GlobalSection(ExtensibilityGlobals) = postSolution
		SolutionGuid = {513D0B04-0B65-470D-8E4B-981D0C77C7B8}
	EndGlobalSection
EndGlobal
